
Microsoft Visual Studio Solution File, Format Version 12.00
# Visual Studio Version 16
VisualStudioVersion = 16.0.29911.84
MinimumVisualStudioVersion = 10.0.40219.1
Project("{FAE04EC0-301F-11D3-BF4B-00C04F79EFBC}") = "DesignPatternsExample", "DesignPatternsExample\DesignPatternsExample.csproj", "{97DD79B3-FEEC-47B3-AD48-2E3ADFB5BAFA}"
EndProject
Global
	GlobalSection(SolutionConfigurationPlatforms) = preSolution
		Debug|Any CPU = Debug|Any CPU
		Release|Any CPU = Release|Any CPU
	EndGlobalSection
	GlobalSection(ProjectConfigurationPlatforms) = postSolution
		{97DD79B3-FEEC-47B3-AD48-2E3ADFB5BAFA}.Debug|Any CPU.ActiveCfg = Debug|Any CPU
		{97DD79B3-FEEC-47B3-AD48-2E3ADFB5BAFA}.Debug|Any CPU.Build.0 = Debug|Any CPU
		{97DD79B3-FEEC-47B3-AD48-2E3ADFB5BAFA}.Release|Any CPU.ActiveCfg = Release|Any CPU
		{97DD79B3-FEEC-47B3-AD48-2E3ADFB5BAFA}.Release|Any CPU.Build.0 = Release|Any CPU
	EndGlobalSection
	GlobalSection(SolutionProperties) = preSolution
		HideSolutionNode = FALSE
	EndGlobalSection
	GlobalSection(ExtensibilityGlobals) = postSolution
		SolutionGuid = {EB20ECA9-0C02-43E7-8510-35E3B52B7017}
	EndGlobalSection
EndGlobal
